{
  "name": "ls-lint-tutorial",
  "version": "1.0.0",
  "lockfileVersion": 3,
  "requires": true,
  "packages": {
    "": {
      "name": "ls-lint-tutorial",
      "version": "1.0.0",
      "license": "ISC",
      "dependencies": {
        "@ls-lint/ls-lint": "^2.2.3"
      }
    },
    "node_modules/@ls-lint/ls-lint": {
      "version": "2.2.3",
      "resolved": "https://registry.npmjs.org/@ls-lint/ls-lint/-/ls-lint-2.2.3.tgz",
      "integrity": "sha512-ekM12jNm/7O2I/hsRv9HvYkRdfrHpiV1epVuI2NP+eTIcEgdIdKkKCs9KgQydu/8R5YXTov9aHdOgplmCHLupw==",
      "cpu": [
        "x64",
        "arm64",
        "s390x"
      ],
      "os": [
        "darwin",
        "linux",
        "win32"
      ],
      "bin": {
        "ls-lint": "bin/cli.js"
      }
    }
  }
}
